// !$*UTF8*$!
{
	archiveVersion = 1;
	classes = {
	};
	objectVersion = 46;
	objects = {

/* Begin PBXBuildFile section */
		D8404FDE1D1A4445001EE7DB /* main.m in Sources */ = {isa = PBXBuildFile; fileRef = D8404FDD1D1A4445001EE7DB /* main.m */; };
		D8404FE91D1A4445001EE7DB /* Assets.xcassets in Resources */ = {isa = PBXBuildFile; fileRef = D8404FE81D1A4445001EE7DB /* Assets.xcassets */; };
		D8404FEC1D1A4445001EE7DB /* LaunchScreen.storyboard in Resources */ = {isa = PBXBuildFile; fileRef = D8404FEA1D1A4445001EE7DB /* LaunchScreen.storyboard */; };
		D8404FF41D1A446C001EE7DB /* Podfile in Resources */ = {isa = PBXBuildFile; fileRef = D8404FF31D1A446C001EE7DB /* Podfile */; };
		D8A342EA1D1BA31500591781 /* XPTabBarController.m in Sources */ = {isa = PBXBuildFile; fileRef = D8A342E91D1BA31500591781 /* XPTabBarController.m */; };
		D8A342ED1D1BA4DB00591781 /* XPDestinationTableController.m in Sources */ = {isa = PBXBuildFile; fileRef = D8A342EC1D1BA4DB00591781 /* XPDestinationTableController.m */; };
		D8A342F01D1BA4F000591781 /* XPHomeTableController.m in Sources */ = {isa = PBXBuildFile; fileRef = D8A342EF1D1BA4F000591781 /* XPHomeTableController.m */; };
		D8A342F31D1BA52A00591781 /* XPMeTableController.m in Sources */ = {isa = PBXBuildFile; fileRef = D8A342F21D1BA52A00591781 /* XPMeTableController.m */; };
		D8A3433D1D1C064400591781 /* XPMessageViewController.m in Sources */ = {isa = PBXBuildFile; fileRef = D8A3433B1D1C064400591781 /* XPMessageViewController.m */; };
		D8A3433E1D1C064400591781 /* XPMessageViewController.xib in Resources */ = {isa = PBXBuildFile; fileRef = D8A3433C1D1C064400591781 /* XPMessageViewController.xib */; };
		D8A343621D1C114A00591781 /* earth72_s.png in Resources */ = {isa = PBXBuildFile; fileRef = D8A343481D1C114A00591781 /* earth72_s.png */; };
		D8A343631D1C114A00591781 /* earth72_s@2x.png in Resources */ = {isa = PBXBuildFile; fileRef = D8A343491D1C114A00591781 /* earth72_s@2x.png */; };
		D8A343641D1C114A00591781 /* earth72_s@3x.png in Resources */ = {isa = PBXBuildFile; fileRef = D8A3434A1D1C114A00591781 /* earth72_s@3x.png */; };
		D8A343651D1C114A00591781 /* earth72.png in Resources */ = {isa = PBXBuildFile; fileRef = D8A3434B1D1C114A00591781 /* earth72.png */; };
		D8A343661D1C114A00591781 /* earth72@2x.png in Resources */ = {isa = PBXBuildFile; fileRef = D8A3434C1D1C114A00591781 /* earth72@2x.png */; };
		D8A343671D1C114A00591781 /* earth72@3x.png in Resources */ = {isa = PBXBuildFile; fileRef = D8A3434D1D1C114A00591781 /* earth72@3x.png */; };
		D8A343681D1C114A00591781 /* house92_s.png in Resources */ = {isa = PBXBuildFile; fileRef = D8A3434E1D1C114A00591781 /* house92_s.png */; };
		D8A343691D1C114A00591781 /* house92_s@2x.png in Resources */ = {isa = PBXBuildFile; fileRef = D8A3434F1D1C114A00591781 /* house92_s@2x.png */; };
		D8A3436A1D1C114A00591781 /* house92_s@3x.png in Resources */ = {isa = PBXBuildFile; fileRef = D8A343501D1C114A00591781 /* house92_s@3x.png */; };
		D8A3436B1D1C114A00591781 /* house92.png in Resources */ = {isa = PBXBuildFile; fileRef = D8A343511D1C114A00591781 /* house92.png */; };
		D8A3436C1D1C114A00591781 /* house92@2x.png in Resources */ = {isa = PBXBuildFile; fileRef = D8A343521D1C114A00591781 /* house92@2x.png */; };
		D8A3436D1D1C114A00591781 /* house92@3x.png in Resources */ = {isa = PBXBuildFile; fileRef = D8A343531D1C114A00591781 /* house92@3x.png */; };
		D8A3436E1D1C114A00591781 /* male207_s.png in Resources */ = {isa = PBXBuildFile; fileRef = D8A343541D1C114A00591781 /* male207_s.png */; };
		D8A3436F1D1C114A00591781 /* male207_s@2x.png in Resources */ = {isa = PBXBuildFile; fileRef = D8A343551D1C114A00591781 /* male207_s@2x.png */; };
		D8A343701D1C114A00591781 /* male207_s@3x.png in Resources */ = {isa = PBXBuildFile; fileRef = D8A343561D1C114A00591781 /* male207_s@3x.png */; };
		D8A343711D1C114A00591781 /* male207.png in Resources */ = {isa = PBXBuildFile; fileRef = D8A343571D1C114A00591781 /* male207.png */; };
		D8A343721D1C114A00591781 /* male207@2x.png in Resources */ = {isa = PBXBuildFile; fileRef = D8A343581D1C114A00591781 /* male207@2x.png */; };
		D8A343731D1C114A00591781 /* male207@3x.png in Resources */ = {isa = PBXBuildFile; fileRef = D8A343591D1C114A00591781 /* male207@3x.png */; };
		D8A343741D1C114A00591781 /* message5_s.png in Resources */ = {isa = PBXBuildFile; fileRef = D8A3435A1D1C114A00591781 /* message5_s.png */; };
		D8A343751D1C114A00591781 /* message5_s@2x.png in Resources */ = {isa = PBXBuildFile; fileRef = D8A3435B1D1C114A00591781 /* message5_s@2x.png */; };
		D8A343761D1C114A00591781 /* message5_s@3x.png in Resources */ = {isa = PBXBuildFile; fileRef = D8A3435C1D1C114A00591781 /* message5_s@3x.png */; };
		D8A343771D1C114A00591781 /* message5.png in Resources */ = {isa = PBXBuildFile; fileRef = D8A3435D1D1C114A00591781 /* message5.png */; };
		D8A343781D1C114A00591781 /* message5@2x.png in Resources */ = {isa = PBXBuildFile; fileRef = D8A3435E1D1C114A00591781 /* message5@2x.png */; };
		D8A343791D1C114A00591781 /* message5@3x.png in Resources */ = {isa = PBXBuildFile; fileRef = D8A3435F1D1C114A00591781 /* message5@3x.png */; };
		D8A3437F1D1C171300591781 /* XPLoginViewController.m in Sources */ = {isa = PBXBuildFile; fileRef = D8A3437D1D1C171300591781 /* XPLoginViewController.m */; };
		D8A343801D1C171300591781 /* XPLoginViewController.xib in Resources */ = {isa = PBXBuildFile; fileRef = D8A3437E1D1C171300591781 /* XPLoginViewController.xib */; };
		D8A343841D1C20DE00591781 /* XPRegisterViewController.m in Sources */ = {isa = PBXBuildFile; fileRef = D8A343821D1C20DE00591781 /* XPRegisterViewController.m */; };
		D8A343851D1C20DE00591781 /* XPRegisterViewController.xib in Resources */ = {isa = PBXBuildFile; fileRef = D8A343831D1C20DE00591781 /* XPRegisterViewController.xib */; };
		D8DEFEF51D1A575100AF2902 /* AppDelegate.m in Sources */ = {isa = PBXBuildFile; fileRef = D8DEFEE71D1A575100AF2902 /* AppDelegate.m */; };
		D8DEFF0E1D1A5B3A00AF2902 /* icon-40.png in Resources */ = {isa = PBXBuildFile; fileRef = D8DEFEF71D1A5B3A00AF2902 /* icon-40.png */; };
		D8DEFF0F1D1A5B3A00AF2902 /* icon-40@2x.png in Resources */ = {isa = PBXBuildFile; fileRef = D8DEFEF81D1A5B3A00AF2902 /* icon-40@2x.png */; };
		D8DEFF101D1A5B3A00AF2902 /* icon-50.png in Resources */ = {isa = PBXBuildFile; fileRef = D8DEFEF91D1A5B3A00AF2902 /* icon-50.png */; };
		D8DEFF111D1A5B3A00AF2902 /* icon-50@2x.png in Resources */ = {isa = PBXBuildFile; fileRef = D8DEFEFA1D1A5B3A00AF2902 /* icon-50@2x.png */; };
		D8DEFF121D1A5B3A00AF2902 /* icon-60.png in Resources */ = {isa = PBXBuildFile; fileRef = D8DEFEFB1D1A5B3A00AF2902 /* icon-60.png */; };
		D8DEFF131D1A5B3A00AF2902 /* icon-60@2x.png in Resources */ = {isa = PBXBuildFile; fileRef = D8DEFEFC1D1A5B3A00AF2902 /* icon-60@2x.png */; };
		D8DEFF141D1A5B3A00AF2902 /* icon-60@3x.png in Resources */ = {isa = PBXBuildFile; fileRef = D8DEFEFD1D1A5B3A00AF2902 /* icon-60@3x.png */; };
		D8DEFF151D1A5B3A00AF2902 /* icon-72.png in Resources */ = {isa = PBXBuildFile; fileRef = D8DEFEFE1D1A5B3A00AF2902 /* icon-72.png */; };
		D8DEFF161D1A5B3A00AF2902 /* icon-72@2x.png in Resources */ = {isa = PBXBuildFile; fileRef = D8DEFEFF1D1A5B3A00AF2902 /* icon-72@2x.png */; };
		D8DEFF171D1A5B3A00AF2902 /* icon-76.png in Resources */ = {isa = PBXBuildFile; fileRef = D8DEFF001D1A5B3A00AF2902 /* icon-76.png */; };
		D8DEFF181D1A5B3A00AF2902 /* icon-76@2x.png in Resources */ = {isa = PBXBuildFile; fileRef = D8DEFF011D1A5B3A00AF2902 /* icon-76@2x.png */; };
		D8DEFF191D1A5B3A00AF2902 /* icon-small.png in Resources */ = {isa = PBXBuildFile; fileRef = D8DEFF021D1A5B3A00AF2902 /* icon-small.png */; };
		D8DEFF1A1D1A5B3A00AF2902 /* icon-small@2x.png in Resources */ = {isa = PBXBuildFile; fileRef = D8DEFF031D1A5B3A00AF2902 /* icon-small@2x.png */; };
		D8DEFF1B1D1A5B3A00AF2902 /* icon.png in Resources */ = {isa = PBXBuildFile; fileRef = D8DEFF041D1A5B3A00AF2902 /* icon.png */; };
		D8DEFF1C1D1A5B3A00AF2902 /* icon@2x.png in Resources */ = {isa = PBXBuildFile; fileRef = D8DEFF051D1A5B3A00AF2902 /* icon@2x.png */; };
		D8DEFF1D1D1A5B3A00AF2902 /* Default-568h@2x~iphone.png in Resources */ = {isa = PBXBuildFile; fileRef = D8DEFF071D1A5B3A00AF2902 /* Default-568h@2x~iphone.png */; };
		D8DEFF1E1D1A5B3A00AF2902 /* Default-667h.png in Resources */ = {isa = PBXBuildFile; fileRef = D8DEFF081D1A5B3A00AF2902 /* Default-667h.png */; };
		D8DEFF1F1D1A5B3A00AF2902 /* Default-736h.png in Resources */ = {isa = PBXBuildFile; fileRef = D8DEFF091D1A5B3A00AF2902 /* Default-736h.png */; };
		D8DEFF201D1A5B3A00AF2902 /* Default-Portrait@2x~ipad.png in Resources */ = {isa = PBXBuildFile; fileRef = D8DEFF0A1D1A5B3A00AF2902 /* Default-Portrait@2x~ipad.png */; };
		D8DEFF211D1A5B3A00AF2902 /* Default-Portrait~ipad.png in Resources */ = {isa = PBXBuildFile; fileRef = D8DEFF0B1D1A5B3A00AF2902 /* Default-Portrait~ipad.png */; };
		D8DEFF221D1A5B3A00AF2902 /* Default@2x~iphone.png in Resources */ = {isa = PBXBuildFile; fileRef = D8DEFF0C1D1A5B3A00AF2902 /* Default@2x~iphone.png */; };
		D8DEFF231D1A5B3A00AF2902 /* Default~iphone.png in Resources */ = {isa = PBXBuildFile; fileRef = D8DEFF0D1D1A5B3A00AF2902 /* Default~iphone.png */; };
		D8E802281D1D004D00244F30 /* Slice1.png in Resources */ = {isa = PBXBuildFile; fileRef = D8E802221D1D004D00244F30 /* Slice1.png */; };
		D8E802291D1D004D00244F30 /* Slice1@2x.png in Resources */ = {isa = PBXBuildFile; fileRef = D8E802231D1D004D00244F30 /* Slice1@2x.png */; };
		D8E8022A1D1D004D00244F30 /* weizhi.png in Resources */ = {isa = PBXBuildFile; fileRef = D8E802241D1D004D00244F30 /* weizhi.png */; };
		D8E8022B1D1D004D00244F30 /* wrong.png in Resources */ = {isa = PBXBuildFile; fileRef = D8E802251D1D004D00244F30 /* wrong.png */; };
		D8E8022C1D1D004D00244F30 /* wx-friend.png in Resources */ = {isa = PBXBuildFile; fileRef = D8E802261D1D004D00244F30 /* wx-friend.png */; };
		D8E8022D1D1D004D00244F30 /* 第三方登录@2x.png in Resources */ = {isa = PBXBuildFile; fileRef = D8E802271D1D004D00244F30 /* 第三方登录@2x.png */; };
		D8E802311D1D154400244F30 /* yx-icon.png in Resources */ = {isa = PBXBuildFile; fileRef = D8E802301D1D154400244F30 /* yx-icon.png */; };
		F1AC41D134076BC76A684205 /* libPods-ZuiHuiYou.a in Frameworks */ = {isa = PBXBuildFile; fileRef = FA1AE9B5B9D51C42907FF5A5 /* libPods-ZuiHuiYou.a */; };
/* End PBXBuildFile section */

/* Begin PBXFileReference section */
		74E156A895B74D759786D398 /* Pods-ZuiHuiYou.release.xcconfig */ = {isa = PBXFileReference; includeInIndex = 1; lastKnownFileType = text.xcconfig; name = "Pods-ZuiHuiYou.release.xcconfig"; path = "Pods/Target Support Files/Pods-ZuiHuiYou/Pods-ZuiHuiYou.release.xcconfig"; sourceTree = "<group>"; };
		77A3BD22835EE952B283ABBE /* Pods-ZuiHuiYou.debug.xcconfig */ = {isa = PBXFileReference; includeInIndex = 1; lastKnownFileType = text.xcconfig; name = "Pods-ZuiHuiYou.debug.xcconfig"; path = "Pods/Target Support Files/Pods-ZuiHuiYou/Pods-ZuiHuiYou.debug.xcconfig"; sourceTree = "<group>"; };
		D8404FD91D1A4445001EE7DB /* ZuiHuiYou.app */ = {isa = PBXFileReference; explicitFileType = wrapper.application; includeInIndex = 0; path = ZuiHuiYou.app; sourceTree = BUILT_PRODUCTS_DIR; };
		D8404FDD1D1A4445001EE7DB /* main.m */ = {isa = PBXFileReference; lastKnownFileType = sourcecode.c.objc; path = main.m; sourceTree = "<group>"; };
		D8404FE81D1A4445001EE7DB /* Assets.xcassets */ = {isa = PBXFileReference; lastKnownFileType = folder.assetcatalog; path = Assets.xcassets; sourceTree = "<group>"; };
		D8404FEB1D1A4445001EE7DB /* Base */ = {isa = PBXFileReference; lastKnownFileType = file.storyboard; name = Base; path = Base.lproj/LaunchScreen.storyboard; sourceTree = "<group>"; };
		D8404FED1D1A4445001EE7DB /* Info.plist */ = {isa = PBXFileReference; lastKnownFileType = text.plist.xml; path = Info.plist; sourceTree = "<group>"; };
		D8404FF31D1A446C001EE7DB /* Podfile */ = {isa = PBXFileReference; fileEncoding = 4; lastKnownFileType = text; path = Podfile; sourceTree = "<group>"; xcLanguageSpecificationIdentifier = xcode.lang.ruby; };
		D8A342E81D1BA31500591781 /* XPTabBarController.h */ = {isa = PBXFileReference; fileEncoding = 4; lastKnownFileType = sourcecode.c.h; path = XPTabBarController.h; sourceTree = "<group>"; };
		D8A342E91D1BA31500591781 /* XPTabBarController.m */ = {isa = PBXFileReference; fileEncoding = 4; lastKnownFileType = sourcecode.c.objc; path = XPTabBarController.m; sourceTree = "<group>"; };
		D8A342EB1D1BA4DB00591781 /* XPDestinationTableController.h */ = {isa = PBXFileReference; fileEncoding = 4; lastKnownFileType = sourcecode.c.h; path = XPDestinationTableController.h; sourceTree = "<group>"; };
		D8A342EC1D1BA4DB00591781 /* XPDestinationTableController.m */ = {isa = PBXFileReference; fileEncoding = 4; lastKnownFileType = sourcecode.c.objc; path = XPDestinationTableController.m; sourceTree = "<group>"; };
		D8A342EE1D1BA4F000591781 /* XPHomeTableController.h */ = {isa = PBXFileReference; fileEncoding = 4; lastKnownFileType = sourcecode.c.h; path = XPHomeTableController.h; sourceTree = "<group>"; };
		D8A342EF1D1BA4F000591781 /* XPHomeTableController.m */ = {isa = PBXFileReference; fileEncoding = 4; lastKnownFileType = sourcecode.c.objc; path = XPHomeTableController.m; sourceTree = "<group>"; };
		D8A342F11D1BA52A00591781 /* XPMeTableController.h */ = {isa = PBXFileReference; fileEncoding = 4; lastKnownFileType = sourcecode.c.h; path = XPMeTableController.h; sourceTree = "<group>"; };
		D8A342F21D1BA52A00591781 /* XPMeTableController.m */ = {isa = PBXFileReference; fileEncoding = 4; lastKnownFileType = sourcecode.c.objc; path = XPMeTableController.m; sourceTree = "<group>"; };
		D8A3433A1D1C064400591781 /* XPMessageViewController.h */ = {isa = PBXFileReference; fileEncoding = 4; lastKnownFileType = sourcecode.c.h; path = XPMessageViewController.h; sourceTree = "<group>"; };
		D8A3433B1D1C064400591781 /* XPMessageViewController.m */ = {isa = PBXFileReference; fileEncoding = 4; lastKnownFileType = sourcecode.c.objc; path = XPMessageViewController.m; sourceTree = "<group>"; };
		D8A3433C1D1C064400591781 /* XPMessageViewController.xib */ = {isa = PBXFileReference; fileEncoding = 4; lastKnownFileType = file.xib; path = XPMessageViewController.xib; sourceTree = "<group>"; };
		D8A343481D1C114A00591781 /* earth72_s.png */ = {isa = PBXFileReference; lastKnownFileType = image.png; path = earth72_s.png; sourceTree = "<group>"; };
		D8A343491D1C114A00591781 /* earth72_s@2x.png */ = {isa = PBXFileReference; lastKnownFileType = image.png; path = "earth72_s@2x.png"; sourceTree = "<group>"; };
		D8A3434A1D1C114A00591781 /* earth72_s@3x.png */ = {isa = PBXFileReference; lastKnownFileType = image.png; path = "earth72_s@3x.png"; sourceTree = "<group>"; };
		D8A3434B1D1C114A00591781 /* earth72.png */ = {isa = PBXFileReference; lastKnownFileType = image.png; path = earth72.png; sourceTree = "<group>"; };
		D8A3434C1D1C114A00591781 /* earth72@2x.png */ = {isa = PBXFileReference; lastKnownFileType = image.png; path = "earth72@2x.png"; sourceTree = "<group>"; };
		D8A3434D1D1C114A00591781 /* earth72@3x.png */ = {isa = PBXFileReference; lastKnownFileType = image.png; path = "earth72@3x.png"; sourceTree = "<group>"; };
		D8A3434E1D1C114A00591781 /* house92_s.png */ = {isa = PBXFileReference; lastKnownFileType = image.png; path = house92_s.png; sourceTree = "<group>"; };
		D8A3434F1D1C114A00591781 /* house92_s@2x.png */ = {isa = PBXFileReference; lastKnownFileType = image.png; path = "house92_s@2x.png"; sourceTree = "<group>"; };
		D8A343501D1C114A00591781 /* house92_s@3x.png */ = {isa = PBXFileReference; lastKnownFileType = image.png; path = "house92_s@3x.png"; sourceTree = "<group>"; };
		D8A343511D1C114A00591781 /* house92.png */ = {isa = PBXFileReference; lastKnownFileType = image.png; path = house92.png; sourceTree = "<group>"; };
		D8A343521D1C114A00591781 /* house92@2x.png */ = {isa = PBXFileReference; lastKnownFileType = image.png; path = "house92@2x.png"; sourceTree = "<group>"; };
		D8A343531D1C114A00591781 /* house92@3x.png */ = {isa = PBXFileReference; lastKnownFileType = image.png; path = "house92@3x.png"; sourceTree = "<group>"; };
		D8A343541D1C114A00591781 /* male207_s.png */ = {isa = PBXFileReference; lastKnownFileType = image.png; path = male207_s.png; sourceTree = "<group>"; };
		D8A343551D1C114A00591781 /* male207_s@2x.png */ = {isa = PBXFileReference; lastKnownFileType = image.png; path = "male207_s@2x.png"; sourceTree = "<group>"; };
		D8A343561D1C114A00591781 /* male207_s@3x.png */ = {isa = PBXFileReference; lastKnownFileType = image.png; path = "male207_s@3x.png"; sourceTree = "<group>"; };
		D8A343571D1C114A00591781 /* male207.png */ = {isa = PBXFileReference; lastKnownFileType = image.png; path = male207.png; sourceTree = "<group>"; };
		D8A343581D1C114A00591781 /* male207@2x.png */ = {isa = PBXFileReference; lastKnownFileType = image.png; path = "male207@2x.png"; sourceTree = "<group>"; };
		D8A343591D1C114A00591781 /* male207@3x.png */ = {isa = PBXFileReference; lastKnownFileType = image.png; path = "male207@3x.png"; sourceTree = "<group>"; };
		D8A3435A1D1C114A00591781 /* message5_s.png */ = {isa = PBXFileReference; lastKnownFileType = image.png; path = message5_s.png; sourceTree = "<group>"; };
		D8A3435B1D1C114A00591781 /* message5_s@2x.png */ = {isa = PBXFileReference; lastKnownFileType = image.png; path = "message5_s@2x.png"; sourceTree = "<group>"; };
		D8A3435C1D1C114A00591781 /* message5_s@3x.png */ = {isa = PBXFileReference; lastKnownFileType = image.png; path = "message5_s@3x.png"; sourceTree = "<group>"; };
		D8A3435D1D1C114A00591781 /* message5.png */ = {isa = PBXFileReference; lastKnownFileType = image.png; path = message5.png; sourceTree = "<group>"; };
		D8A3435E1D1C114A00591781 /* message5@2x.png */ = {isa = PBXFileReference; lastKnownFileType = image.png; path = "message5@2x.png"; sourceTree = "<group>"; };
		D8A3435F1D1C114A00591781 /* message5@3x.png */ = {isa = PBXFileReference; lastKnownFileType = image.png; path = "message5@3x.png"; sourceTree = "<group>"; };
		D8A3437C1D1C171300591781 /* XPLoginViewController.h */ = {isa = PBXFileReference; fileEncoding = 4; lastKnownFileType = sourcecode.c.h; path = XPLoginViewController.h; sourceTree = "<group>"; };
		D8A3437D1D1C171300591781 /* XPLoginViewController.m */ = {isa = PBXFileReference; fileEncoding = 4; lastKnownFileType = sourcecode.c.objc; path = XPLoginViewController.m; sourceTree = "<group>"; };
		D8A3437E1D1C171300591781 /* XPLoginViewController.xib */ = {isa = PBXFileReference; fileEncoding = 4; lastKnownFileType = file.xib; path = XPLoginViewController.xib; sourceTree = "<group>"; };
		D8A343811D1C20DE00591781 /* XPRegisterViewController.h */ = {isa = PBXFileReference; fileEncoding = 4; lastKnownFileType = sourcecode.c.h; path = XPRegisterViewController.h; sourceTree = "<group>"; };
		D8A343821D1C20DE00591781 /* XPRegisterViewController.m */ = {isa = PBXFileReference; fileEncoding = 4; lastKnownFileType = sourcecode.c.objc; path = XPRegisterViewController.m; sourceTree = "<group>"; };
		D8A343831D1C20DE00591781 /* XPRegisterViewController.xib */ = {isa = PBXFileReference; fileEncoding = 4; lastKnownFileType = file.xib; path = XPRegisterViewController.xib; sourceTree = "<group>"; };
		D8DEFEE61D1A575100AF2902 /* AppDelegate.h */ = {isa = PBXFileReference; fileEncoding = 4; lastKnownFileType = sourcecode.c.h; path = AppDelegate.h; sourceTree = "<group>"; };
		D8DEFEE71D1A575100AF2902 /* AppDelegate.m */ = {isa = PBXFileReference; fileEncoding = 4; lastKnownFileType = sourcecode.c.objc; path = AppDelegate.m; sourceTree = "<group>"; };
		D8DEFEF71D1A5B3A00AF2902 /* icon-40.png */ = {isa = PBXFileReference; lastKnownFileType = image.png; path = "icon-40.png"; sourceTree = "<group>"; };
		D8DEFEF81D1A5B3A00AF2902 /* icon-40@2x.png */ = {isa = PBXFileReference; lastKnownFileType = image.png; path = "icon-40@2x.png"; sourceTree = "<group>"; };
		D8DEFEF91D1A5B3A00AF2902 /* icon-50.png */ = {isa = PBXFileReference; lastKnownFileType = image.png; path = "icon-50.png"; sourceTree = "<group>"; };
		D8DEFEFA1D1A5B3A00AF2902 /* icon-50@2x.png */ = {isa = PBXFileReference; lastKnownFileType = image.png; path = "icon-50@2x.png"; sourceTree = "<group>"; };
		D8DEFEFB1D1A5B3A00AF2902 /* icon-60.png */ = {isa = PBXFileReference; lastKnownFileType = image.png; path = "icon-60.png"; sourceTree = "<group>"; };
		D8DEFEFC1D1A5B3A00AF2902 /* icon-60@2x.png */ = {isa = PBXFileReference; lastKnownFileType = image.png; path = "icon-60@2x.png"; sourceTree = "<group>"; };
		D8DEFEFD1D1A5B3A00AF2902 /* icon-60@3x.png */ = {isa = PBXFileReference; lastKnownFileType = image.png; path = "icon-60@3x.png"; sourceTree = "<group>"; };
		D8DEFEFE1D1A5B3A00AF2902 /* icon-72.png */ = {isa = PBXFileReference; lastKnownFileType = image.png; path = "icon-72.png"; sourceTree = "<group>"; };
		D8DEFEFF1D1A5B3A00AF2902 /* icon-72@2x.png */ = {isa = PBXFileReference; lastKnownFileType = image.png; path = "icon-72@2x.png"; sourceTree = "<group>"; };
		D8DEFF001D1A5B3A00AF2902 /* icon-76.png */ = {isa = PBXFileReference; lastKnownFileType = image.png; path = "icon-76.png"; sourceTree = "<group>"; };
		D8DEFF011D1A5B3A00AF2902 /* icon-76@2x.png */ = {isa = PBXFileReference; lastKnownFileType = image.png; path = "icon-76@2x.png"; sourceTree = "<group>"; };
		D8DEFF021D1A5B3A00AF2902 /* icon-small.png */ = {isa = PBXFileReference; lastKnownFileType = image.png; path = "icon-small.png"; sourceTree = "<group>"; };
		D8DEFF031D1A5B3A00AF2902 /* icon-small@2x.png */ = {isa = PBXFileReference; lastKnownFileType = image.png; path = "icon-small@2x.png"; sourceTree = "<group>"; };
		D8DEFF041D1A5B3A00AF2902 /* icon.png */ = {isa = PBXFileReference; lastKnownFileType = image.png; path = icon.png; sourceTree = "<group>"; };
		D8DEFF051D1A5B3A00AF2902 /* icon@2x.png */ = {isa = PBXFileReference; lastKnownFileType = image.png; path = "icon@2x.png"; sourceTree = "<group>"; };
		D8DEFF071D1A5B3A00AF2902 /* Default-568h@2x~iphone.png */ = {isa = PBXFileReference; lastKnownFileType = image.png; path = "Default-568h@2x~iphone.png"; sourceTree = "<group>"; };
		D8DEFF081D1A5B3A00AF2902 /* Default-667h.png */ = {isa = PBXFileReference; lastKnownFileType = image.png; path = "Default-667h.png"; sourceTree = "<group>"; };
		D8DEFF091D1A5B3A00AF2902 /* Default-736h.png */ = {isa = PBXFileReference; lastKnownFileType = image.png; path = "Default-736h.png"; sourceTree = "<group>"; };
		D8DEFF0A1D1A5B3A00AF2902 /* Default-Portrait@2x~ipad.png */ = {isa = PBXFileReference; lastKnownFileType = image.png; path = "Default-Portrait@2x~ipad.png"; sourceTree = "<group>"; };
		D8DEFF0B1D1A5B3A00AF2902 /* Default-Portrait~ipad.png */ = {isa = PBXFileReference; lastKnownFileType = image.png; path = "Default-Portrait~ipad.png"; sourceTree = "<group>"; };
		D8DEFF0C1D1A5B3A00AF2902 /* Default@2x~iphone.png */ = {isa = PBXFileReference; lastKnownFileType = image.png; path = "Default@2x~iphone.png"; sourceTree = "<group>"; };
		D8DEFF0D1D1A5B3A00AF2902 /* Default~iphone.png */ = {isa = PBXFileReference; lastKnownFileType = image.png; path = "Default~iphone.png"; sourceTree = "<group>"; };
		D8E802221D1D004D00244F30 /* Slice1.png */ = {isa = PBXFileReference; lastKnownFileType = image.png; path = Slice1.png; sourceTree = "<group>"; };
		D8E802231D1D004D00244F30 /* Slice1@2x.png */ = {isa = PBXFileReference; lastKnownFileType = image.png; path = "Slice1@2x.png"; sourceTree = "<group>"; };
		D8E802241D1D004D00244F30 /* weizhi.png */ = {isa = PBXFileReference; lastKnownFileType = image.png; path = weizhi.png; sourceTree = "<group>"; };
		D8E802251D1D004D00244F30 /* wrong.png */ = {isa = PBXFileReference; lastKnownFileType = image.png; path = wrong.png; sourceTree = "<group>"; };
		D8E802261D1D004D00244F30 /* wx-friend.png */ = {isa = PBXFileReference; lastKnownFileType = image.png; path = "wx-friend.png"; sourceTree = "<group>"; };
		D8E802271D1D004D00244F30 /* 第三方登录@2x.png */ = {isa = PBXFileReference; lastKnownFileType = image.png; path = "第三方登录@2x.png"; sourceTree = "<group>"; };
		D8E802301D1D154400244F30 /* yx-icon.png */ = {isa = PBXFileReference; lastKnownFileType = image.png; path = "yx-icon.png"; sourceTree = "<group>"; };
		FA1AE9B5B9D51C42907FF5A5 /* libPods-ZuiHuiYou.a */ = {isa = PBXFileReference; explicitFileType = archive.ar; includeInIndex = 0; path = "libPods-ZuiHuiYou.a"; sourceTree = BUILT_PRODUCTS_DIR; };
/* End PBXFileReference section */

/* Begin PBXFrameworksBuildPhase section */
		D8404FD61D1A4445001EE7DB /* Frameworks */ = {
			isa = PBXFrameworksBuildPhase;
			buildActionMask = 2147483647;
			files = (
				F1AC41D134076BC76A684205 /* libPods-ZuiHuiYou.a in Frameworks */,
			);
			runOnlyForDeploymentPostprocessing = 0;
		};
/* End PBXFrameworksBuildPhase section */

/* Begin PBXGroup section */
		59A8290A4B24885C618D21B9 /* Pods */ = {
			isa = PBXGroup;
			children = (
				77A3BD22835EE952B283ABBE /* Pods-ZuiHuiYou.debug.xcconfig */,
				74E156A895B74D759786D398 /* Pods-ZuiHuiYou.release.xcconfig */,
			);
			name = Pods;
			sourceTree = "<group>";
		};
		93B2433C45763C53BD98610E /* Frameworks */ = {
			isa = PBXGroup;
			children = (
				FA1AE9B5B9D51C42907FF5A5 /* libPods-ZuiHuiYou.a */,
			);
			name = Frameworks;
			sourceTree = "<group>";
		};
		D8404FD01D1A4445001EE7DB = {
			isa = PBXGroup;
			children = (
				D8404FF31D1A446C001EE7DB /* Podfile */,
				D8404FDB1D1A4445001EE7DB /* ZuiHuiYou */,
				D8404FDA1D1A4445001EE7DB /* Products */,
				59A8290A4B24885C618D21B9 /* Pods */,
				93B2433C45763C53BD98610E /* Frameworks */,
			);
			sourceTree = "<group>";
		};
		D8404FDA1D1A4445001EE7DB /* Products */ = {
			isa = PBXGroup;
			children = (
				D8404FD91D1A4445001EE7DB /* ZuiHuiYou.app */,
			);
			name = Products;
			sourceTree = "<group>";
		};
		D8404FDB1D1A4445001EE7DB /* ZuiHuiYou */ = {
			isa = PBXGroup;
			children = (
				D8DEFEDC1D1A575100AF2902 /* Classes */,
				D8DEFEF41D1A575100AF2902 /* images */,
				D8404FDC1D1A4445001EE7DB /* Supporting Files */,
			);
			path = ZuiHuiYou;
			sourceTree = "<group>";
		};
		D8404FDC1D1A4445001EE7DB /* Supporting Files */ = {
			isa = PBXGroup;
			children = (
				D8404FE81D1A4445001EE7DB /* Assets.xcassets */,
				D8404FEA1D1A4445001EE7DB /* LaunchScreen.storyboard */,
				D8404FED1D1A4445001EE7DB /* Info.plist */,
				D8404FDD1D1A4445001EE7DB /* main.m */,
			);
			name = "Supporting Files";
			sourceTree = "<group>";
		};
		D8A343091D1BEEDC00591781 /* tarBarIcon */ = {
			isa = PBXGroup;
			children = (
				D8A343481D1C114A00591781 /* earth72_s.png */,
				D8A343491D1C114A00591781 /* earth72_s@2x.png */,
				D8A3434A1D1C114A00591781 /* earth72_s@3x.png */,
				D8A3434B1D1C114A00591781 /* earth72.png */,
				D8A3434C1D1C114A00591781 /* earth72@2x.png */,
				D8A3434D1D1C114A00591781 /* earth72@3x.png */,
				D8A3434E1D1C114A00591781 /* house92_s.png */,
				D8A3434F1D1C114A00591781 /* house92_s@2x.png */,
				D8A343501D1C114A00591781 /* house92_s@3x.png */,
				D8A343511D1C114A00591781 /* house92.png */,
				D8A343521D1C114A00591781 /* house92@2x.png */,
				D8A343531D1C114A00591781 /* house92@3x.png */,
				D8A343541D1C114A00591781 /* male207_s.png */,
				D8A343551D1C114A00591781 /* male207_s@2x.png */,
				D8A343561D1C114A00591781 /* male207_s@3x.png */,
				D8A343571D1C114A00591781 /* male207.png */,
				D8A343581D1C114A00591781 /* male207@2x.png */,
				D8A343591D1C114A00591781 /* male207@3x.png */,
				D8A3435A1D1C114A00591781 /* message5_s.png */,
				D8A3435B1D1C114A00591781 /* message5_s@2x.png */,
				D8A3435C1D1C114A00591781 /* message5_s@3x.png */,
				D8A3435D1D1C114A00591781 /* message5.png */,
				D8A3435E1D1C114A00591781 /* message5@2x.png */,
				D8A3435F1D1C114A00591781 /* message5@3x.png */,
			);
			path = tarBarIcon;
			sourceTree = "<group>";
		};
		D8A3433F1D1C0F8800591781 /* LoginAndRegister(登录注册) */ = {
			isa = PBXGroup;
			children = (
				D8A343401D1C0F8800591781 /* Controller */,
				D8A343411D1C0F8800591781 /* Model */,
				D8A343421D1C0F8800591781 /* View */,
			);
			path = "LoginAndRegister(登录注册)";
			sourceTree = "<group>";
		};
		D8A343401D1C0F8800591781 /* Controller */ = {
			isa = PBXGroup;
			children = (
				D8A3437C1D1C171300591781 /* XPLoginViewController.h */,
				D8A3437D1D1C171300591781 /* XPLoginViewController.m */,
				D8A3437E1D1C171300591781 /* XPLoginViewController.xib */,
				D8A343811D1C20DE00591781 /* XPRegisterViewController.h */,
				D8A343821D1C20DE00591781 /* XPRegisterViewController.m */,
				D8A343831D1C20DE00591781 /* XPRegisterViewController.xib */,
			);
			path = Controller;
			sourceTree = "<group>";
		};
		D8A343411D1C0F8800591781 /* Model */ = {
			isa = PBXGroup;
			children = (
			);
			path = Model;
			sourceTree = "<group>";
		};
		D8A343421D1C0F8800591781 /* View */ = {
			isa = PBXGroup;
			children = (
			);
			path = View;
			sourceTree = "<group>";
		};
		D8DEFEDC1D1A575100AF2902 /* Classes */ = {
			isa = PBXGroup;
			children = (
				D8A3433F1D1C0F8800591781 /* LoginAndRegister(登录注册) */,
				D8DEFEE51D1A575100AF2902 /* Main */,
				D8DEFEE11D1A575100AF2902 /* Home(首页) */,
				D8DEFEDD1D1A575100AF2902 /* Destination(目的地) */,
				D8DEFEF01D1A575100AF2902 /* Message(消息) */,
				D8DEFEEC1D1A575100AF2902 /* Me(我) */,
			);
			path = Classes;
			sourceTree = "<group>";
		};
		D8DEFEDD1D1A575100AF2902 /* Destination(目的地) */ = {
			isa = PBXGroup;
			children = (
				D8DEFEDE1D1A575100AF2902 /* Controller */,
				D8DEFEDF1D1A575100AF2902 /* Model */,
				D8DEFEE01D1A575100AF2902 /* View */,
			);
			path = "Destination(目的地)";
			sourceTree = "<group>";
		};
		D8DEFEDE1D1A575100AF2902 /* Controller */ = {
			isa = PBXGroup;
			children = (
				D8A342EB1D1BA4DB00591781 /* XPDestinationTableController.h */,
				D8A342EC1D1BA4DB00591781 /* XPDestinationTableController.m */,
			);
			path = Controller;
			sourceTree = "<group>";
		};
		D8DEFEDF1D1A575100AF2902 /* Model */ = {
			isa = PBXGroup;
			children = (
			);
			path = Model;
			sourceTree = "<group>";
		};
		D8DEFEE01D1A575100AF2902 /* View */ = {
			isa = PBXGroup;
			children = (
			);
			path = View;
			sourceTree = "<group>";
		};
		D8DEFEE11D1A575100AF2902 /* Home(首页) */ = {
			isa = PBXGroup;
			children = (
				D8DEFEE21D1A575100AF2902 /* Controller */,
				D8DEFEE31D1A575100AF2902 /* Model */,
				D8DEFEE41D1A575100AF2902 /* View */,
			);
			path = "Home(首页)";
			sourceTree = "<group>";
		};
		D8DEFEE21D1A575100AF2902 /* Controller */ = {
			isa = PBXGroup;
			children = (
				D8A342EE1D1BA4F000591781 /* XPHomeTableController.h */,
				D8A342EF1D1BA4F000591781 /* XPHomeTableController.m */,
			);
			path = Controller;
			sourceTree = "<group>";
		};
		D8DEFEE31D1A575100AF2902 /* Model */ = {
			isa = PBXGroup;
			children = (
			);
			path = Model;
			sourceTree = "<group>";
		};
		D8DEFEE41D1A575100AF2902 /* View */ = {
			isa = PBXGroup;
			children = (
			);
			path = View;
			sourceTree = "<group>";
		};
		D8DEFEE51D1A575100AF2902 /* Main */ = {
			isa = PBXGroup;
			children = (
				D8DEFEE61D1A575100AF2902 /* AppDelegate.h */,
				D8DEFEE71D1A575100AF2902 /* AppDelegate.m */,
				D8DEFEE81D1A575100AF2902 /* Controller */,
				D8DEFEE91D1A575100AF2902 /* Model */,
				D8DEFEEA1D1A575100AF2902 /* Utils */,
				D8DEFEEB1D1A575100AF2902 /* View */,
			);
			path = Main;
			sourceTree = "<group>";
		};
		D8DEFEE81D1A575100AF2902 /* Controller */ = {
			isa = PBXGroup;
			children = (
				D8A342E81D1BA31500591781 /* XPTabBarController.h */,
				D8A342E91D1BA31500591781 /* XPTabBarController.m */,
			);
			path = Controller;
			sourceTree = "<group>";
		};
		D8DEFEE91D1A575100AF2902 /* Model */ = {
			isa = PBXGroup;
			children = (
			);
			path = Model;
			sourceTree = "<group>";
		};
		D8DEFEEA1D1A575100AF2902 /* Utils */ = {
			isa = PBXGroup;
			children = (
			);
			path = Utils;
			sourceTree = "<group>";
		};
		D8DEFEEB1D1A575100AF2902 /* View */ = {
			isa = PBXGroup;
			children = (
			);
			path = View;
			sourceTree = "<group>";
		};
		D8DEFEEC1D1A575100AF2902 /* Me(我) */ = {
			isa = PBXGroup;
			children = (
				D8DEFEED1D1A575100AF2902 /* Controller */,
				D8DEFEEE1D1A575100AF2902 /* Model */,
				D8DEFEEF1D1A575100AF2902 /* View */,
			);
			path = "Me(我)";
			sourceTree = "<group>";
		};
		D8DEFEED1D1A575100AF2902 /* Controller */ = {
			isa = PBXGroup;
			children = (
				D8A342F11D1BA52A00591781 /* XPMeTableController.h */,
				D8A342F21D1BA52A00591781 /* XPMeTableController.m */,
			);
			path = Controller;
			sourceTree = "<group>";
		};
		D8DEFEEE1D1A575100AF2902 /* Model */ = {
			isa = PBXGroup;
			children = (
			);
			path = Model;
			sourceTree = "<group>";
		};
		D8DEFEEF1D1A575100AF2902 /* View */ = {
			isa = PBXGroup;
			children = (
			);
			path = View;
			sourceTree = "<group>";
		};
		D8DEFEF01D1A575100AF2902 /* Message(消息) */ = {
			isa = PBXGroup;
			children = (
				D8DEFEF11D1A575100AF2902 /* Controller */,
				D8DEFEF21D1A575100AF2902 /* Model */,
				D8DEFEF31D1A575100AF2902 /* View */,
			);
			path = "Message(消息)";
			sourceTree = "<group>";
		};
		D8DEFEF11D1A575100AF2902 /* Controller */ = {
			isa = PBXGroup;
			children = (
				D8A3433A1D1C064400591781 /* XPMessageViewController.h */,
				D8A3433B1D1C064400591781 /* XPMessageViewController.m */,
				D8A3433C1D1C064400591781 /* XPMessageViewController.xib */,
			);
			path = Controller;
			sourceTree = "<group>";
		};
		D8DEFEF21D1A575100AF2902 /* Model */ = {
			isa = PBXGroup;
			children = (
			);
			path = Model;
			sourceTree = "<group>";
		};
		D8DEFEF31D1A575100AF2902 /* View */ = {
			isa = PBXGroup;
			children = (
			);
			path = View;
			sourceTree = "<group>";
		};
		D8DEFEF41D1A575100AF2902 /* images */ = {
			isa = PBXGroup;
			children = (
				D8DEFEF61D1A5B3A00AF2902 /* AppIcon */,
				D8DEFF061D1A5B3A00AF2902 /* LaunchScreen */,
				D8E802211D1D004D00244F30 /* message */,
				D8A343091D1BEEDC00591781 /* tarBarIcon */,
			);
			path = images;
			sourceTree = "<group>";
		};
		D8DEFEF61D1A5B3A00AF2902 /* AppIcon */ = {
			isa = PBXGroup;
			children = (
				D8DEFEF71D1A5B3A00AF2902 /* icon-40.png */,
				D8DEFEF81D1A5B3A00AF2902 /* icon-40@2x.png */,
				D8DEFEF91D1A5B3A00AF2902 /* icon-50.png */,
				D8DEFEFA1D1A5B3A00AF2902 /* icon-50@2x.png */,
				D8DEFEFB1D1A5B3A00AF2902 /* icon-60.png */,
				D8DEFEFC1D1A5B3A00AF2902 /* icon-60@2x.png */,
				D8DEFEFD1D1A5B3A00AF2902 /* icon-60@3x.png */,
				D8DEFEFE1D1A5B3A00AF2902 /* icon-72.png */,
				D8DEFEFF1D1A5B3A00AF2902 /* icon-72@2x.png */,
				D8DEFF001D1A5B3A00AF2902 /* icon-76.png */,
				D8DEFF011D1A5B3A00AF2902 /* icon-76@2x.png */,
				D8DEFF021D1A5B3A00AF2902 /* icon-small.png */,
				D8DEFF031D1A5B3A00AF2902 /* icon-small@2x.png */,
				D8DEFF041D1A5B3A00AF2902 /* icon.png */,
				D8DEFF051D1A5B3A00AF2902 /* icon@2x.png */,
			);
			path = AppIcon;
			sourceTree = "<group>";
		};
		D8DEFF061D1A5B3A00AF2902 /* LaunchScreen */ = {
			isa = PBXGroup;
			children = (
				D8DEFF071D1A5B3A00AF2902 /* Default-568h@2x~iphone.png */,
				D8DEFF081D1A5B3A00AF2902 /* Default-667h.png */,
				D8DEFF091D1A5B3A00AF2902 /* Default-736h.png */,
				D8DEFF0A1D1A5B3A00AF2902 /* Default-Portrait@2x~ipad.png */,
				D8DEFF0B1D1A5B3A00AF2902 /* Default-Portrait~ipad.png */,
				D8DEFF0C1D1A5B3A00AF2902 /* Default@2x~iphone.png */,
				D8DEFF0D1D1A5B3A00AF2902 /* Default~iphone.png */,
			);
			path = LaunchScreen;
			sourceTree = "<group>";
		};
		D8E802211D1D004D00244F30 /* message */ = {
			isa = PBXGroup;
			children = (
				D8E802221D1D004D00244F30 /* Slice1.png */,
				D8E802231D1D004D00244F30 /* Slice1@2x.png */,
				D8E802241D1D004D00244F30 /* weizhi.png */,
				D8E802251D1D004D00244F30 /* wrong.png */,
				D8E802261D1D004D00244F30 /* wx-friend.png */,
				D8E802271D1D004D00244F30 /* 第三方登录@2x.png */,
				D8E802301D1D154400244F30 /* yx-icon.png */,
			);
			path = message;
			sourceTree = "<group>";
		};
/* End PBXGroup section */

/* Begin PBXNativeTarget section */
		D8404FD81D1A4445001EE7DB /* ZuiHuiYou */ = {
			isa = PBXNativeTarget;
			buildConfigurationList = D8404FF01D1A4445001EE7DB /* Build configuration list for PBXNativeTarget "ZuiHuiYou" */;
			buildPhases = (
				287795936A1B91652EFEE7A9 /* [CP] Check Pods Manifest.lock */,
				D8404FD51D1A4445001EE7DB /* Sources */,
				D8404FD61D1A4445001EE7DB /* Frameworks */,
				D8404FD71D1A4445001EE7DB /* Resources */,
				E8FAB5C682A9D7DD417CB886 /* [CP] Embed Pods Frameworks */,
				D7CEC951700F48B4FA61F638 /* [CP] Copy Pods Resources */,
			);
			buildRules = (
			);
			dependencies = (
			);
			name = ZuiHuiYou;
			productName = ZuiHuiYou;
			productReference = D8404FD91D1A4445001EE7DB /* ZuiHuiYou.app */;
			productType = "com.apple.product-type.application";
		};
/* End PBXNativeTarget section */

/* Begin PBXProject section */
		D8404FD11D1A4445001EE7DB /* Project object */ = {
			isa = PBXProject;
			attributes = {
				CLASSPREFIX = XP;
				LastUpgradeCheck = 0710;
				ORGANIZATIONNAME = win;
				TargetAttributes = {
					D8404FD81D1A4445001EE7DB = {
						CreatedOnToolsVersion = 7.1;
						DevelopmentTeam = T2L32V8665;
					};
				};
			};
			buildConfigurationList = D8404FD41D1A4445001EE7DB /* Build configuration list for PBXProject "ZuiHuiYou" */;
			compatibilityVersion = "Xcode 3.2";
			developmentRegion = English;
			hasScannedForEncodings = 0;
			knownRegions = (
				en,
				Base,
			);
			mainGroup = D8404FD01D1A4445001EE7DB;
			productRefGroup = D8404FDA1D1A4445001EE7DB /* Products */;
			projectDirPath = "";
			projectRoot = "";
			targets = (
				D8404FD81D1A4445001EE7DB /* ZuiHuiYou */,
			);
		};
/* End PBXProject section */

/* Begin PBXResourcesBuildPhase section */
		D8404FD71D1A4445001EE7DB /* Resources */ = {
			isa = PBXResourcesBuildPhase;
			buildActionMask = 2147483647;
			files = (
				D8DEFF221D1A5B3A00AF2902 /* Default@2x~iphone.png in Resources */,
				D8A3436A1D1C114A00591781 /* house92_s@3x.png in Resources */,
				D8A343621D1C114A00591781 /* earth72_s.png in Resources */,
				D8DEFF141D1A5B3A00AF2902 /* icon-60@3x.png in Resources */,
				D8A343681D1C114A00591781 /* house92_s.png in Resources */,
				D8E802291D1D004D00244F30 /* Slice1@2x.png in Resources */,
				D8A3433E1D1C064400591781 /* XPMessageViewController.xib in Resources */,
				D8A343631D1C114A00591781 /* earth72_s@2x.png in Resources */,
				D8A3436F1D1C114A00591781 /* male207_s@2x.png in Resources */,
				D8DEFF111D1A5B3A00AF2902 /* icon-50@2x.png in Resources */,
				D8E802281D1D004D00244F30 /* Slice1.png in Resources */,
				D8A3436C1D1C114A00591781 /* house92@2x.png in Resources */,
				D8DEFF231D1A5B3A00AF2902 /* Default~iphone.png in Resources */,
				D8DEFF211D1A5B3A00AF2902 /* Default-Portrait~ipad.png in Resources */,
				D8DEFF0E1D1A5B3A00AF2902 /* icon-40.png in Resources */,
				D8A343671D1C114A00591781 /* earth72@3x.png in Resources */,
				D8DEFF151D1A5B3A00AF2902 /* icon-72.png in Resources */,
				D8E8022D1D1D004D00244F30 /* 第三方登录@2x.png in Resources */,
				D8DEFF121D1A5B3A00AF2902 /* icon-60.png in Resources */,
				D8E8022A1D1D004D00244F30 /* weizhi.png in Resources */,
				D8A3436E1D1C114A00591781 /* male207_s.png in Resources */,
				D8A343651D1C114A00591781 /* earth72.png in Resources */,
				D8A343741D1C114A00591781 /* message5_s.png in Resources */,
				D8A343701D1C114A00591781 /* male207_s@3x.png in Resources */,
				D8404FEC1D1A4445001EE7DB /* LaunchScreen.storyboard in Resources */,
				D8A343711D1C114A00591781 /* male207.png in Resources */,
				D8A343751D1C114A00591781 /* message5_s@2x.png in Resources */,
				D8A343791D1C114A00591781 /* message5@3x.png in Resources */,
				D8404FE91D1A4445001EE7DB /* Assets.xcassets in Resources */,
				D8A3436B1D1C114A00591781 /* house92.png in Resources */,
				D8A343771D1C114A00591781 /* message5.png in Resources */,
				D8404FF41D1A446C001EE7DB /* Podfile in Resources */,
				D8DEFF131D1A5B3A00AF2902 /* icon-60@2x.png in Resources */,
				D8A343761D1C114A00591781 /* message5_s@3x.png in Resources */,
				D8E8022B1D1D004D00244F30 /* wrong.png in Resources */,
				D8DEFF0F1D1A5B3A00AF2902 /* icon-40@2x.png in Resources */,
				D8A343781D1C114A00591781 /* message5@2x.png in Resources */,
				D8DEFF161D1A5B3A00AF2902 /* icon-72@2x.png in Resources */,
				D8E8022C1D1D004D00244F30 /* wx-friend.png in Resources */,
				D8DEFF1F1D1A5B3A00AF2902 /* Default-736h.png in Resources */,
				D8A343731D1C114A00591781 /* male207@3x.png in Resources */,
				D8DEFF101D1A5B3A00AF2902 /* icon-50.png in Resources */,
				D8DEFF1B1D1A5B3A00AF2902 /* icon.png in Resources */,
				D8DEFF1D1D1A5B3A00AF2902 /* Default-568h@2x~iphone.png in Resources */,
				D8A343721D1C114A00591781 /* male207@2x.png in Resources */,
				D8DEFF181D1A5B3A00AF2902 /* icon-76@2x.png in Resources */,
				D8DEFF201D1A5B3A00AF2902 /* Default-Portrait@2x~ipad.png in Resources */,
				D8DEFF1A1D1A5B3A00AF2902 /* icon-small@2x.png in Resources */,
				D8DEFF1E1D1A5B3A00AF2902 /* Default-667h.png in Resources */,
				D8A343691D1C114A00591781 /* house92_s@2x.png in Resources */,
				D8A343661D1C114A00591781 /* earth72@2x.png in Resources */,
				D8DEFF191D1A5B3A00AF2902 /* icon-small.png in Resources */,
				D8DEFF171D1A5B3A00AF2902 /* icon-76.png in Resources */,
				D8A343851D1C20DE00591781 /* XPRegisterViewController.xib in Resources */,
				D8A3436D1D1C114A00591781 /* house92@3x.png in Resources */,
				D8DEFF1C1D1A5B3A00AF2902 /* icon@2x.png in Resources */,
				D8A343641D1C114A00591781 /* earth72_s@3x.png in Resources */,
				D8E802311D1D154400244F30 /* yx-icon.png in Resources */,
				D8A343801D1C171300591781 /* XPLoginViewController.xib in Resources */,
			);
			runOnlyForDeploymentPostprocessing = 0;
		};
/* End PBXResourcesBuildPhase section */

/* Begin PBXShellScriptBuildPhase section */
		287795936A1B91652EFEE7A9 /* [CP] Check Pods Manifest.lock */ = {
			isa = PBXShellScriptBuildPhase;
			buildActionMask = 2147483647;
			files = (
			);
			inputPaths = (
			);
			name = "[CP] Check Pods Manifest.lock";
			outputPaths = (
			);
			runOnlyForDeploymentPostprocessing = 0;
			shellPath = /bin/sh;
			shellScript = "diff \"${PODS_ROOT}/../Podfile.lock\" \"${PODS_ROOT}/Manifest.lock\" > /dev/null\nif [[ $? != 0 ]] ; then\n    cat << EOM\nerror: The sandbox is not in sync with the Podfile.lock. Run 'pod install' or update your CocoaPods installation.\nEOM\n    exit 1\nfi\n";
			showEnvVarsInLog = 0;
		};
		D7CEC951700F48B4FA61F638 /* [CP] Copy Pods Resources */ = {
			isa = PBXShellScriptBuildPhase;
			buildActionMask = 2147483647;
			files = (
			);
			inputPaths = (
			);
			name = "[CP] Copy Pods Resources";
			outputPaths = (
			);
			runOnlyForDeploymentPostprocessing = 0;
			shellPath = /bin/sh;
			shellScript = "\"${SRCROOT}/Pods/Target Support Files/Pods-ZuiHuiYou/Pods-ZuiHuiYou-resources.sh\"\n";
			showEnvVarsInLog = 0;
		};
		E8FAB5C682A9D7DD417CB886 /* [CP] Embed Pods Frameworks */ = {
			isa = PBXShellScriptBuildPhase;
			buildActionMask = 2147483647;
			files = (
			);
			inputPaths = (
			);
			name = "[CP] Embed Pods Frameworks";
			outputPaths = (
			);
			runOnlyForDeploymentPostprocessing = 0;
			shellPath = /bin/sh;
			shellScript = "\"${SRCROOT}/Pods/Target Support Files/Pods-ZuiHuiYou/Pods-ZuiHuiYou-frameworks.sh\"\n";
			showEnvVarsInLog = 0;
		};
/* End PBXShellScriptBuildPhase section */

/* Begin PBXSourcesBuildPhase section */
		D8404FD51D1A4445001EE7DB /* Sources */ = {
			isa = PBXSourcesBuildPhase;
			buildActionMask = 2147483647;
			files = (
				D8A342F01D1BA4F000591781 /* XPHomeTableController.m in Sources */,
				D8A342EA1D1BA31500591781 /* XPTabBarController.m in Sources */,
				D8A3437F1D1C171300591781 /* XPLoginViewController.m in Sources */,
				D8A3433D1D1C064400591781 /* XPMessageViewController.m in Sources */,
				D8A343841D1C20DE00591781 /* XPRegisterViewController.m in Sources */,
				D8A342F31D1BA52A00591781 /* XPMeTableController.m in Sources */,
				D8DEFEF51D1A575100AF2902 /* AppDelegate.m in Sources */,
				D8404FDE1D1A4445001EE7DB /* main.m in Sources */,
				D8A342ED1D1BA4DB00591781 /* XPDestinationTableController.m in Sources */,
			);
			runOnlyForDeploymentPostprocessing = 0;
		};
/* End PBXSourcesBuildPhase section */

/* Begin PBXVariantGroup section */
		D8404FEA1D1A4445001EE7DB /* LaunchScreen.storyboard */ = {
			isa = PBXVariantGroup;
			children = (
				D8404FEB1D1A4445001EE7DB /* Base */,
			);
			name = LaunchScreen.storyboard;
			sourceTree = "<group>";
		};
/* End PBXVariantGroup section */

/* Begin XCBuildConfiguration section */
		D8404FEE1D1A4445001EE7DB /* Debug */ = {
			isa = XCBuildConfiguration;
			buildSettings = {
				ALWAYS_SEARCH_USER_PATHS = NO;
				CLANG_CXX_LANGUAGE_STANDARD = "gnu++0x";
				CLANG_CXX_LIBRARY = "libc++";
				CLANG_ENABLE_MODULES = YES;
				CLANG_ENABLE_OBJC_ARC = YES;
				CLANG_WARN_BOOL_CONVERSION = YES;
				CLANG_WARN_CONSTANT_CONVERSION = YES;
				CLANG_WARN_DIRECT_OBJC_ISA_USAGE = YES_ERROR;
				CLANG_WARN_EMPTY_BODY = YES;
				CLANG_WARN_ENUM_CONVERSION = YES;
				CLANG_WARN_INT_CONVERSION = YES;
				CLANG_WARN_OBJC_ROOT_CLASS = YES_ERROR;
				CLANG_WARN_UNREACHABLE_CODE = YES;
				CLANG_WARN__DUPLICATE_METHOD_MATCH = YES;
				"CODE_SIGN_IDENTITY[sdk=iphoneos*]" = "iPhone Developer";
				COPY_PHASE_STRIP = NO;
				DEBUG_INFORMATION_FORMAT = dwarf;
				ENABLE_STRICT_OBJC_MSGSEND = YES;
				ENABLE_TESTABILITY = YES;
				GCC_C_LANGUAGE_STANDARD = gnu99;
				GCC_DYNAMIC_NO_PIC = NO;
				GCC_NO_COMMON_BLOCKS = YES;
				GCC_OPTIMIZATION_LEVEL = 0;
				GCC_PREPROCESSOR_DEFINITIONS = (
					"DEBUG=1",
					"$(inherited)",
				);
				GCC_WARN_64_TO_32_BIT_CONVERSION = YES;
				GCC_WARN_ABOUT_RETURN_TYPE = YES_ERROR;
				GCC_WARN_UNDECLARED_SELECTOR = YES;
				GCC_WARN_UNINITIALIZED_AUTOS = YES_AGGRESSIVE;
				GCC_WARN_UNUSED_FUNCTION = YES;
				GCC_WARN_UNUSED_VARIABLE = YES;
				IPHONEOS_DEPLOYMENT_TARGET = 9.1;
				MTL_ENABLE_DEBUG_INFO = YES;
				ONLY_ACTIVE_ARCH = YES;
				SDKROOT = iphoneos;
				TARGETED_DEVICE_FAMILY = "1,2";
			};
			name = Debug;
		};
		D8404FEF1D1A4445001EE7DB /* Release */ = {
			isa = XCBuildConfiguration;
			buildSettings = {
				ALWAYS_SEARCH_USER_PATHS = NO;
				CLANG_CXX_LANGUAGE_STANDARD = "gnu++0x";
				CLANG_CXX_LIBRARY = "libc++";
				CLANG_ENABLE_MODULES = YES;
				CLANG_ENABLE_OBJC_ARC = YES;
				CLANG_WARN_BOOL_CONVERSION = YES;
				CLANG_WARN_CONSTANT_CONVERSION = YES;
				CLANG_WARN_DIRECT_OBJC_ISA_USAGE = YES_ERROR;
				CLANG_WARN_EMPTY_BODY = YES;
				CLANG_WARN_ENUM_CONVERSION = YES;
				CLANG_WARN_INT_CONVERSION = YES;
				CLANG_WARN_OBJC_ROOT_CLASS = YES_ERROR;
				CLANG_WARN_UNREACHABLE_CODE = YES;
				CLANG_WARN__DUPLICATE_METHOD_MATCH = YES;
				"CODE_SIGN_IDENTITY[sdk=iphoneos*]" = "iPhone Developer";
				COPY_PHASE_STRIP = NO;
				DEBUG_INFORMATION_FORMAT = "dwarf-with-dsym";
				ENABLE_NS_ASSERTIONS = NO;
				ENABLE_STRICT_OBJC_MSGSEND = YES;
				GCC_C_LANGUAGE_STANDARD = gnu99;
				GCC_NO_COMMON_BLOCKS = YES;
				GCC_WARN_64_TO_32_BIT_CONVERSION = YES;
				GCC_WARN_ABOUT_RETURN_TYPE = YES_ERROR;
				GCC_WARN_UNDECLARED_SELECTOR = YES;
				GCC_WARN_UNINITIALIZED_AUTOS = YES_AGGRESSIVE;
				GCC_WARN_UNUSED_FUNCTION = YES;
				GCC_WARN_UNUSED_VARIABLE = YES;
				IPHONEOS_DEPLOYMENT_TARGET = 9.1;
				MTL_ENABLE_DEBUG_INFO = NO;
				SDKROOT = iphoneos;
				TARGETED_DEVICE_FAMILY = "1,2";
				VALIDATE_PRODUCT = YES;
			};
			name = Release;
		};
		D8404FF11D1A4445001EE7DB /* Debug */ = {
			isa = XCBuildConfiguration;
			baseConfigurationReference = 77A3BD22835EE952B283ABBE /* Pods-ZuiHuiYou.debug.xcconfig */;
			buildSettings = {
				ASSETCATALOG_COMPILER_APPICON_NAME = AppIcon;
				CODE_SIGN_IDENTITY = "iPhone Developer";
				"CODE_SIGN_IDENTITY[sdk=iphoneos*]" = "iPhone Developer";
				INFOPLIST_FILE = ZuiHuiYou/Info.plist;
				IPHONEOS_DEPLOYMENT_TARGET = 8.4;
				LD_RUNPATH_SEARCH_PATHS = "$(inherited) @executable_path/Frameworks";
				PRODUCT_BUNDLE_IDENTIFIER = win.com.cn.ZuiHuiYou;
				PRODUCT_NAME = "$(TARGET_NAME)";
				PROVISIONING_PROFILE = "";
			};
			name = Debug;
		};
		D8404FF21D1A4445001EE7DB /* Release */ = {
			isa = XCBuildConfiguration;
			baseConfigurationReference = 74E156A895B74D759786D398 /* Pods-ZuiHuiYou.release.xcconfig */;
			buildSettings = {
				ASSETCATALOG_COMPILER_APPICON_NAME = AppIcon;
				CODE_SIGN_IDENTITY = "iPhone Developer";
				"CODE_SIGN_IDENTITY[sdk=iphoneos*]" = "iPhone Developer";
				INFOPLIST_FILE = ZuiHuiYou/Info.plist;
				IPHONEOS_DEPLOYMENT_TARGET = 8.4;
				LD_RUNPATH_SEARCH_PATHS = "$(inherited) @executable_path/Frameworks";
				PRODUCT_BUNDLE_IDENTIFIER = win.com.cn.ZuiHuiYou;
				PRODUCT_NAME = "$(TARGET_NAME)";
				PROVISIONING_PROFILE = "";
			};
			name = Release;
		};
/* End XCBuildConfiguration section */

/* Begin XCConfigurationList section */
		D8404FD41D1A4445001EE7DB /* Build configuration list for PBXProject "ZuiHuiYou" */ = {
			isa = XCConfigurationList;
			buildConfigurations = (
				D8404FEE1D1A4445001EE7DB /* Debug */,
				D8404FEF1D1A4445001EE7DB /* Release */,
			);
			defaultConfigurationIsVisible = 0;
			defaultConfigurationName = Release;
		};
		D8404FF01D1A4445001EE7DB /* Build configuration list for PBXNativeTarget "ZuiHuiYou" */ = {
			isa = XCConfigurationList;
			buildConfigurations = (
				D8404FF11D1A4445001EE7DB /* Debug */,
				D8404FF21D1A4445001EE7DB /* Release */,
			);
			defaultConfigurationIsVisible = 0;
			defaultConfigurationName = Release;
		};
/* End XCConfigurationList section */
	};
	rootObject = D8404FD11D1A4445001EE7DB /* Project object */;
}
